
Microsoft Visual Studio Solution File, Format Version 12.00
# Visual Studio 2012
Project("{FAE04EC0-301F-11D3-BF4B-00C04F79EFBC}") = "1.Fill the matrix - a", "Multidimensional arrays\1.Fill the matrix - a.csproj", "{7C8B8BBD-796A-4B8B-887F-94407C490AC9}"
EndProject
Project("{FAE04EC0-301F-11D3-BF4B-00C04F79EFBC}") = "1.Fill the matrix - b", "ConsoleApplication1\1.Fill the matrix - b.csproj", "{364A4BCA-653B-4629-95BE-AC8A1AB51737}"
EndProject
Project("{FAE04EC0-301F-11D3-BF4B-00C04F79EFBC}") = "1.Fill the matrix - c", "ConsoleApplication2\1.Fill the matrix - c.csproj", "{BE8D9F3D-31AA-4A63-8D48-7CBDFC01C0D0}"
EndProject
Project("{FAE04EC0-301F-11D3-BF4B-00C04F79EFBC}") = "1.Fill the matrix - c2", "ConsoleApplication3\1.Fill the matrix - c2.csproj", "{BFF37434-C2C7-4657-A1B3-45DFCB597BFF}"
EndProject
Project("{FAE04EC0-301F-11D3-BF4B-00C04F79EFBC}") = "1.Fill the matrix - d", "ConsoleApplication4\1.Fill the matrix - d.csproj", "{E09B52C1-C8DB-4E77-A271-A9C4CB338B2A}"
EndProject
Project("{FAE04EC0-301F-11D3-BF4B-00C04F79EFBC}") = "2.Max sum", "ConsoleApplication5\2.Max sum.csproj", "{87CAE0E9-0299-4DB0-A4BE-9F888C7A4D20}"
EndProject
Project("{FAE04EC0-301F-11D3-BF4B-00C04F79EFBC}") = "3.String sequence", "ConsoleApplication6\3.String sequence.csproj", "{541BB267-43CA-4E09-8751-29BCECE3496A}"
EndProject
Project("{FAE04EC0-301F-11D3-BF4B-00C04F79EFBC}") = "4.Binary search", "ConsoleApplication7\4.Binary search.csproj", "{AE32C8C2-D698-4A50-A22A-19E4BF4B6B76}"
EndProject
Project("{FAE04EC0-301F-11D3-BF4B-00C04F79EFBC}") = "4.Binary search2", "ConsoleApplication8\4.Binary search2.csproj", "{81134F85-949C-4F44-A560-131EA9837432}"
EndProject
Project("{FAE04EC0-301F-11D3-BF4B-00C04F79EFBC}") = "5.Sort by string length", "ConsoleApplication9\5.Sort by string length.csproj", "{10FC044C-381B-4E77-9072-4553A8D36A68}"
EndProject
Project("{FAE04EC0-301F-11D3-BF4B-00C04F79EFBC}") = "01.FillTheMatrix", "01.FillTheMatrix\01.FillTheMatrix.csproj", "{D5E04B3C-37F7-4E3B-B039-ED3EECA307ED}"
EndProject
Project("{FAE04EC0-301F-11D3-BF4B-00C04F79EFBC}") = "6.Matrix", "6.Matrix\6.Matrix.csproj", "{F95EA2BB-70BC-4B60-896D-EA4AA3B14E4B}"
EndProject
Project("{FAE04EC0-301F-11D3-BF4B-00C04F79EFBC}") = "7.AreaInMatrix", "07.AreaInMatrix\7.AreaInMatrix.csproj", "{B434D0F3-EA5B-43BF-8D81-595073B93680}"
EndProject
Global
	GlobalSection(SolutionConfigurationPlatforms) = preSolution
		Debug|Any CPU = Debug|Any CPU
		Release|Any CPU = Release|Any CPU
	EndGlobalSection
	GlobalSection(ProjectConfigurationPlatforms) = postSolution
		{7C8B8BBD-796A-4B8B-887F-94407C490AC9}.Debug|Any CPU.ActiveCfg = Debug|Any CPU
		{7C8B8BBD-796A-4B8B-887F-94407C490AC9}.Debug|Any CPU.Build.0 = Debug|Any CPU
		{7C8B8BBD-796A-4B8B-887F-94407C490AC9}.Release|Any CPU.ActiveCfg = Release|Any CPU
		{7C8B8BBD-796A-4B8B-887F-94407C490AC9}.Release|Any CPU.Build.0 = Release|Any CPU
		{364A4BCA-653B-4629-95BE-AC8A1AB51737}.Debug|Any CPU.ActiveCfg = Debug|Any CPU
		{364A4BCA-653B-4629-95BE-AC8A1AB51737}.Debug|Any CPU.Build.0 = Debug|Any CPU
		{364A4BCA-653B-4629-95BE-AC8A1AB51737}.Release|Any CPU.ActiveCfg = Release|Any CPU
		{364A4BCA-653B-4629-95BE-AC8A1AB51737}.Release|Any CPU.Build.0 = Release|Any CPU
		{BE8D9F3D-31AA-4A63-8D48-7CBDFC01C0D0}.Debug|Any CPU.ActiveCfg = Debug|Any CPU
		{BE8D9F3D-31AA-4A63-8D48-7CBDFC01C0D0}.Debug|Any CPU.Build.0 = Debug|Any CPU
		{BE8D9F3D-31AA-4A63-8D48-7CBDFC01C0D0}.Release|Any CPU.ActiveCfg = Release|Any CPU
		{BE8D9F3D-31AA-4A63-8D48-7CBDFC01C0D0}.Release|Any CPU.Build.0 = Release|Any CPU
		{BFF37434-C2C7-4657-A1B3-45DFCB597BFF}.Debug|Any CPU.ActiveCfg = Debug|Any CPU
		{BFF37434-C2C7-4657-A1B3-45DFCB597BFF}.Debug|Any CPU.Build.0 = Debug|Any CPU
		{BFF37434-C2C7-4657-A1B3-45DFCB597BFF}.Release|Any CPU.ActiveCfg = Release|Any CPU
		{BFF37434-C2C7-4657-A1B3-45DFCB597BFF}.Release|Any CPU.Build.0 = Release|Any CPU
		{E09B52C1-C8DB-4E77-A271-A9C4CB338B2A}.Debug|Any CPU.ActiveCfg = Debug|Any CPU
		{E09B52C1-C8DB-4E77-A271-A9C4CB338B2A}.Debug|Any CPU.Build.0 = Debug|Any CPU
		{E09B52C1-C8DB-4E77-A271-A9C4CB338B2A}.Release|Any CPU.ActiveCfg = Release|Any CPU
		{E09B52C1-C8DB-4E77-A271-A9C4CB338B2A}.Release|Any CPU.Build.0 = Release|Any CPU
		{87CAE0E9-0299-4DB0-A4BE-9F888C7A4D20}.Debug|Any CPU.ActiveCfg = Debug|Any CPU
		{87CAE0E9-0299-4DB0-A4BE-9F888C7A4D20}.Debug|Any CPU.Build.0 = Debug|Any CPU
		{87CAE0E9-0299-4DB0-A4BE-9F888C7A4D20}.Release|Any CPU.ActiveCfg = Release|Any CPU
		{87CAE0E9-0299-4DB0-A4BE-9F888C7A4D20}.Release|Any CPU.Build.0 = Release|Any CPU
		{541BB267-43CA-4E09-8751-29BCECE3496A}.Debug|Any CPU.ActiveCfg = Debug|Any CPU
		{541BB267-43CA-4E09-8751-29BCECE3496A}.Debug|Any CPU.Build.0 = Debug|Any CPU
		{541BB267-43CA-4E09-8751-29BCECE3496A}.Release|Any CPU.ActiveCfg = Release|Any CPU
		{541BB267-43CA-4E09-8751-29BCECE3496A}.Release|Any CPU.Build.0 = Release|Any CPU
		{AE32C8C2-D698-4A50-A22A-19E4BF4B6B76}.Debug|Any CPU.ActiveCfg = Debug|Any CPU
		{AE32C8C2-D698-4A50-A22A-19E4BF4B6B76}.Debug|Any CPU.Build.0 = Debug|Any CPU
		{AE32C8C2-D698-4A50-A22A-19E4BF4B6B76}.Release|Any CPU.ActiveCfg = Release|Any CPU
		{AE32C8C2-D698-4A50-A22A-19E4BF4B6B76}.Release|Any CPU.Build.0 = Release|Any CPU
		{81134F85-949C-4F44-A560-131EA9837432}.Debug|Any CPU.ActiveCfg = Debug|Any CPU
		{81134F85-949C-4F44-A560-131EA9837432}.Debug|Any CPU.Build.0 = Debug|Any CPU
		{81134F85-949C-4F44-A560-131EA9837432}.Release|Any CPU.ActiveCfg = Release|Any CPU
		{81134F85-949C-4F44-A560-131EA9837432}.Release|Any CPU.Build.0 = Release|Any CPU
		{10FC044C-381B-4E77-9072-4553A8D36A68}.Debug|Any CPU.ActiveCfg = Debug|Any CPU
		{10FC044C-381B-4E77-9072-4553A8D36A68}.Debug|Any CPU.Build.0 = Debug|Any CPU
		{10FC044C-381B-4E77-9072-4553A8D36A68}.Release|Any CPU.ActiveCfg = Release|Any CPU
		{10FC044C-381B-4E77-9072-4553A8D36A68}.Release|Any CPU.Build.0 = Release|Any CPU
		{D5E04B3C-37F7-4E3B-B039-ED3EECA307ED}.Debug|Any CPU.ActiveCfg = Debug|Any CPU
		{D5E04B3C-37F7-4E3B-B039-ED3EECA307ED}.Debug|Any CPU.Build.0 = Debug|Any CPU
		{D5E04B3C-37F7-4E3B-B039-ED3EECA307ED}.Release|Any CPU.ActiveCfg = Release|Any CPU
		{D5E04B3C-37F7-4E3B-B039-ED3EECA307ED}.Release|Any CPU.Build.0 = Release|Any CPU
		{F95EA2BB-70BC-4B60-896D-EA4AA3B14E4B}.Debug|Any CPU.ActiveCfg = Debug|Any CPU
		{F95EA2BB-70BC-4B60-896D-EA4AA3B14E4B}.Debug|Any CPU.Build.0 = Debug|Any CPU
		{F95EA2BB-70BC-4B60-896D-EA4AA3B14E4B}.Release|Any CPU.ActiveCfg = Release|Any CPU
		{F95EA2BB-70BC-4B60-896D-EA4AA3B14E4B}.Release|Any CPU.Build.0 = Release|Any CPU
		{B434D0F3-EA5B-43BF-8D81-595073B93680}.Debug|Any CPU.ActiveCfg = Debug|Any CPU
		{B434D0F3-EA5B-43BF-8D81-595073B93680}.Debug|Any CPU.Build.0 = Debug|Any CPU
		{B434D0F3-EA5B-43BF-8D81-595073B93680}.Release|Any CPU.ActiveCfg = Release|Any CPU
		{B434D0F3-EA5B-43BF-8D81-595073B93680}.Release|Any CPU.Build.0 = Release|Any CPU
	EndGlobalSection
	GlobalSection(SolutionProperties) = preSolution
		HideSolutionNode = FALSE
	EndGlobalSection
EndGlobal
