
Microsoft Visual Studio Solution File, Format Version 12.00
# Visual Studio 2012
Project("{FAE04EC0-301F-11D3-BF4B-00C04F79EFBC}") = "Zadachi CSharp 2", "Zadachi CSharp 2\Zadachi CSharp 2.csproj", "{B888CD60-ED5F-4833-96B7-AFDA9E42CBA8}"
EndProject
Project("{FAE04EC0-301F-11D3-BF4B-00C04F79EFBC}") = "01.Multiverse communication", "01.Multiverse communication\01.Multiverse communication.csproj", "{700D9EB6-A322-4791-9F19-03ED67B1031D}"
EndProject
Project("{FAE04EC0-301F-11D3-BF4B-00C04F79EFBC}") = "02.Magic words", "02.Magic words\02.Magic words.csproj", "{6B999E0B-8F95-4836-B894-0A9396B8A655}"
EndProject
Project("{FAE04EC0-301F-11D3-BF4B-00C04F79EFBC}") = "03.Tron3D", "03.Tron3D\03.Tron3D.csproj", "{29575F8D-C7B0-47C0-9613-371C38767ACA}"
EndProject
Project("{FAE04EC0-301F-11D3-BF4B-00C04F79EFBC}") = "04.Decode", "04.Decode\04.Decode.csproj", "{5CEA0993-0B71-417C-9DD5-0C10C286366B}"
EndProject
Project("{FAE04EC0-301F-11D3-BF4B-00C04F79EFBC}") = "05.Grisko", "05.Grisko\05.Grisko.csproj", "{F5AC99D4-59FF-4052-91BF-16B9F768C7BC}"
EndProject
Project("{FAE04EC0-301F-11D3-BF4B-00C04F79EFBC}") = "01.Tres4", "01.Tres4\01.Tres4.csproj", "{7CA0CC2A-F45C-445D-BC26-BAA6A4201C74}"
EndProject
Project("{FAE04EC0-301F-11D3-BF4B-00C04F79EFBC}") = "02.Bunny factory", "02.Bunny factory\02.Bunny factory.csproj", "{E02CF9F6-7ED3-4AA6-8AB6-E8D51155D106}"
EndProject
Project("{FAE04EC0-301F-11D3-BF4B-00C04F79EFBC}") = "03.Patterns", "03.Patterns\03.Patterns.csproj", "{3BB18186-627A-4219-AE70-05E9E86A711E}"
EndProject
Project("{FAE04EC0-301F-11D3-BF4B-00C04F79EFBC}") = "04.Variable length", "04.Variable length\04.Variable length.csproj", "{CB2DFED4-1A4F-42C6-92B1-FBC7C7B9E300}"
EndProject
Project("{FAE04EC0-301F-11D3-BF4B-00C04F79EFBC}") = "05.HelpDoge", "05.HelpDoge\05.HelpDoge.csproj", "{F73AF5F0-93D5-450E-848A-0C99970310C8}"
EndProject
Project("{FAE04EC0-301F-11D3-BF4B-00C04F79EFBC}") = "01.Strangeland", "01.Strangeland\01.Strangeland.csproj", "{D4D1DE98-AACD-49C0-B8B5-437B8C682C3C}"
EndProject
Project("{FAE04EC0-301F-11D3-BF4B-00C04F79EFBC}") = "02.Two girls", "02.Two girls\02.Two girls.csproj", "{67B2922F-22C7-4CB1-A579-9905F8D4EE72}"
EndProject
Project("{FAE04EC0-301F-11D3-BF4B-00C04F79EFBC}") = "04.Relevance", "04.Relevance\04.Relevance.csproj", "{D85CFF22-3132-4875-92EF-566D49CCCF41}"
EndProject
Project("{FAE04EC0-301F-11D3-BF4B-00C04F79EFBC}") = "01.Zerg", "01.Zerg\01.Zerg.csproj", "{62CC4772-FB91-4866-A5EE-F5CAFB310882}"
EndProject
Project("{FAE04EC0-301F-11D3-BF4B-00C04F79EFBC}") = "02.Moving letters", "02.Moving letters\02.Moving letters.csproj", "{CFEEC3D2-302D-4E82-AE55-21B8F9C2E4E5}"
EndProject
Project("{FAE04EC0-301F-11D3-BF4B-00C04F79EFBC}") = "01.Calculations", "01.Calculations\01.Calculations.csproj", "{F3E7AD46-EBC2-484E-BDE0-C163003A133C}"
EndProject
Project("{FAE04EC0-301F-11D3-BF4B-00C04F79EFBC}") = "02.Even difference", "02.Even difference\02.Even difference.csproj", "{88B5A5FF-12B8-45BC-9738-D04B28F08A52}"
EndProject
Project("{FAE04EC0-301F-11D3-BF4B-00C04F79EFBC}") = "04.Kospirations", "04.Kospirations\04.Kospirations.csproj", "{F136298D-C4C7-4970-8BA4-ECC800799719}"
EndProject
Project("{FAE04EC0-301F-11D3-BF4B-00C04F79EFBC}") = "03.LoveOf3", "03.LoveOf3\03.LoveOf3.csproj", "{71CC9123-8309-4D28-9E72-D998677B638D}"
EndProject
Project("{FAE04EC0-301F-11D3-BF4B-00C04F79EFBC}") = "01.DeCatCoding", "01.DeCatCoding\01.DeCatCoding.csproj", "{2498FB91-1CA5-401B-A4F6-DDD4D963EFC0}"
EndProject
Project("{FAE04EC0-301F-11D3-BF4B-00C04F79EFBC}") = "03.BitShiftMatrix", "03.BitShiftMatrix\03.BitShiftMatrix.csproj", "{C282AC59-42DB-4A70-9CA5-BD2542884EBE}"
EndProject
Project("{FAE04EC0-301F-11D3-BF4B-00C04F79EFBC}") = "02.IncreasingAbsoluteDifferences", "02.IncreasingAbsoluteDifferences\02.IncreasingAbsoluteDifferences.csproj", "{7E7B628B-AD21-402C-8909-D8BA80B76144}"
EndProject
Project("{FAE04EC0-301F-11D3-BF4B-00C04F79EFBC}") = "02.Bunnies", "02.Bunnies\02.Bunnies.csproj", "{52547A1B-B4B2-4556-A318-96C82A260D43}"
EndProject
Project("{FAE04EC0-301F-11D3-BF4B-00C04F79EFBC}") = "01.9gag numbers", "01.Tubes\01.9gag numbers.csproj", "{DC597A6E-458B-4A7F-A053-0EF1D278919D}"
EndProject
Project("{FAE04EC0-301F-11D3-BF4B-00C04F79EFBC}") = "02.Indices", "02.Indices\02.Indices.csproj", "{354A71CE-F3B6-40E1-AD34-477402A82F33}"
EndProject
Project("{FAE04EC0-301F-11D3-BF4B-00C04F79EFBC}") = "01.Kaspichan", "01.Kaspichan\01.Kaspichan.csproj", "{A58C624E-A4B9-4C87-A067-4307E4B9DAEC}"
EndProject
Project("{FAE04EC0-301F-11D3-BF4B-00C04F79EFBC}") = "01.Durankulak", "01.Durankulak\01.Durankulak.csproj", "{28503601-A52E-4401-8F0B-E3096A0BE98A}"
EndProject
Project("{FAE04EC0-301F-11D3-BF4B-00C04F79EFBC}") = "02.JoroTheRabbit", "02.JoroTheRabbit\02.JoroTheRabbit.csproj", "{659E6FCC-B4DC-4289-84CD-610123C2B18E}"
EndProject
Project("{FAE04EC0-301F-11D3-BF4B-00C04F79EFBC}") = "02.SpecialValue", "02.SpecialValue\02.SpecialValue.csproj", "{1A9FC5ED-8277-49A7-8579-1F604E4EB350}"
EndProject
Project("{FAE04EC0-301F-11D3-BF4B-00C04F79EFBC}") = "02.Greedy dwarf", "02.Greedy dwarf\02.Greedy dwarf.csproj", "{17ADF779-9E8B-4DFF-8DFD-32EC6A4923EA}"
EndProject
Project("{FAE04EC0-301F-11D3-BF4B-00C04F79EFBC}") = "04.ConsolreJustification", "04.ConsolreJustification\04.ConsolreJustification.csproj", "{68C57000-19D7-4F04-9A74-57F2AE32390B}"
EndProject
Global
	GlobalSection(SolutionConfigurationPlatforms) = preSolution
		Debug|Any CPU = Debug|Any CPU
		Release|Any CPU = Release|Any CPU
	EndGlobalSection
	GlobalSection(ProjectConfigurationPlatforms) = postSolution
		{B888CD60-ED5F-4833-96B7-AFDA9E42CBA8}.Debug|Any CPU.ActiveCfg = Debug|Any CPU
		{B888CD60-ED5F-4833-96B7-AFDA9E42CBA8}.Debug|Any CPU.Build.0 = Debug|Any CPU
		{B888CD60-ED5F-4833-96B7-AFDA9E42CBA8}.Release|Any CPU.ActiveCfg = Release|Any CPU
		{B888CD60-ED5F-4833-96B7-AFDA9E42CBA8}.Release|Any CPU.Build.0 = Release|Any CPU
		{700D9EB6-A322-4791-9F19-03ED67B1031D}.Debug|Any CPU.ActiveCfg = Debug|Any CPU
		{700D9EB6-A322-4791-9F19-03ED67B1031D}.Debug|Any CPU.Build.0 = Debug|Any CPU
		{700D9EB6-A322-4791-9F19-03ED67B1031D}.Release|Any CPU.ActiveCfg = Release|Any CPU
		{700D9EB6-A322-4791-9F19-03ED67B1031D}.Release|Any CPU.Build.0 = Release|Any CPU
		{6B999E0B-8F95-4836-B894-0A9396B8A655}.Debug|Any CPU.ActiveCfg = Debug|Any CPU
		{6B999E0B-8F95-4836-B894-0A9396B8A655}.Debug|Any CPU.Build.0 = Debug|Any CPU
		{6B999E0B-8F95-4836-B894-0A9396B8A655}.Release|Any CPU.ActiveCfg = Release|Any CPU
		{6B999E0B-8F95-4836-B894-0A9396B8A655}.Release|Any CPU.Build.0 = Release|Any CPU
		{29575F8D-C7B0-47C0-9613-371C38767ACA}.Debug|Any CPU.ActiveCfg = Debug|Any CPU
		{29575F8D-C7B0-47C0-9613-371C38767ACA}.Debug|Any CPU.Build.0 = Debug|Any CPU
		{29575F8D-C7B0-47C0-9613-371C38767ACA}.Release|Any CPU.ActiveCfg = Release|Any CPU
		{29575F8D-C7B0-47C0-9613-371C38767ACA}.Release|Any CPU.Build.0 = Release|Any CPU
		{5CEA0993-0B71-417C-9DD5-0C10C286366B}.Debug|Any CPU.ActiveCfg = Debug|Any CPU
		{5CEA0993-0B71-417C-9DD5-0C10C286366B}.Debug|Any CPU.Build.0 = Debug|Any CPU
		{5CEA0993-0B71-417C-9DD5-0C10C286366B}.Release|Any CPU.ActiveCfg = Release|Any CPU
		{5CEA0993-0B71-417C-9DD5-0C10C286366B}.Release|Any CPU.Build.0 = Release|Any CPU
		{F5AC99D4-59FF-4052-91BF-16B9F768C7BC}.Debug|Any CPU.ActiveCfg = Debug|Any CPU
		{F5AC99D4-59FF-4052-91BF-16B9F768C7BC}.Debug|Any CPU.Build.0 = Debug|Any CPU
		{F5AC99D4-59FF-4052-91BF-16B9F768C7BC}.Release|Any CPU.ActiveCfg = Release|Any CPU
		{F5AC99D4-59FF-4052-91BF-16B9F768C7BC}.Release|Any CPU.Build.0 = Release|Any CPU
		{7CA0CC2A-F45C-445D-BC26-BAA6A4201C74}.Debug|Any CPU.ActiveCfg = Debug|Any CPU
		{7CA0CC2A-F45C-445D-BC26-BAA6A4201C74}.Debug|Any CPU.Build.0 = Debug|Any CPU
		{7CA0CC2A-F45C-445D-BC26-BAA6A4201C74}.Release|Any CPU.ActiveCfg = Release|Any CPU
		{7CA0CC2A-F45C-445D-BC26-BAA6A4201C74}.Release|Any CPU.Build.0 = Release|Any CPU
		{E02CF9F6-7ED3-4AA6-8AB6-E8D51155D106}.Debug|Any CPU.ActiveCfg = Debug|Any CPU
		{E02CF9F6-7ED3-4AA6-8AB6-E8D51155D106}.Debug|Any CPU.Build.0 = Debug|Any CPU
		{E02CF9F6-7ED3-4AA6-8AB6-E8D51155D106}.Release|Any CPU.ActiveCfg = Release|Any CPU
		{E02CF9F6-7ED3-4AA6-8AB6-E8D51155D106}.Release|Any CPU.Build.0 = Release|Any CPU
		{3BB18186-627A-4219-AE70-05E9E86A711E}.Debug|Any CPU.ActiveCfg = Debug|Any CPU
		{3BB18186-627A-4219-AE70-05E9E86A711E}.Debug|Any CPU.Build.0 = Debug|Any CPU
		{3BB18186-627A-4219-AE70-05E9E86A711E}.Release|Any CPU.ActiveCfg = Release|Any CPU
		{3BB18186-627A-4219-AE70-05E9E86A711E}.Release|Any CPU.Build.0 = Release|Any CPU
		{CB2DFED4-1A4F-42C6-92B1-FBC7C7B9E300}.Debug|Any CPU.ActiveCfg = Debug|Any CPU
		{CB2DFED4-1A4F-42C6-92B1-FBC7C7B9E300}.Debug|Any CPU.Build.0 = Debug|Any CPU
		{CB2DFED4-1A4F-42C6-92B1-FBC7C7B9E300}.Release|Any CPU.ActiveCfg = Release|Any CPU
		{CB2DFED4-1A4F-42C6-92B1-FBC7C7B9E300}.Release|Any CPU.Build.0 = Release|Any CPU
		{F73AF5F0-93D5-450E-848A-0C99970310C8}.Debug|Any CPU.ActiveCfg = Debug|Any CPU
		{F73AF5F0-93D5-450E-848A-0C99970310C8}.Debug|Any CPU.Build.0 = Debug|Any CPU
		{F73AF5F0-93D5-450E-848A-0C99970310C8}.Release|Any CPU.ActiveCfg = Release|Any CPU
		{F73AF5F0-93D5-450E-848A-0C99970310C8}.Release|Any CPU.Build.0 = Release|Any CPU
		{D4D1DE98-AACD-49C0-B8B5-437B8C682C3C}.Debug|Any CPU.ActiveCfg = Debug|Any CPU
		{D4D1DE98-AACD-49C0-B8B5-437B8C682C3C}.Debug|Any CPU.Build.0 = Debug|Any CPU
		{D4D1DE98-AACD-49C0-B8B5-437B8C682C3C}.Release|Any CPU.ActiveCfg = Release|Any CPU
		{D4D1DE98-AACD-49C0-B8B5-437B8C682C3C}.Release|Any CPU.Build.0 = Release|Any CPU
		{67B2922F-22C7-4CB1-A579-9905F8D4EE72}.Debug|Any CPU.ActiveCfg = Debug|Any CPU
		{67B2922F-22C7-4CB1-A579-9905F8D4EE72}.Debug|Any CPU.Build.0 = Debug|Any CPU
		{67B2922F-22C7-4CB1-A579-9905F8D4EE72}.Release|Any CPU.ActiveCfg = Release|Any CPU
		{67B2922F-22C7-4CB1-A579-9905F8D4EE72}.Release|Any CPU.Build.0 = Release|Any CPU
		{D85CFF22-3132-4875-92EF-566D49CCCF41}.Debug|Any CPU.ActiveCfg = Debug|Any CPU
		{D85CFF22-3132-4875-92EF-566D49CCCF41}.Debug|Any CPU.Build.0 = Debug|Any CPU
		{D85CFF22-3132-4875-92EF-566D49CCCF41}.Release|Any CPU.ActiveCfg = Release|Any CPU
		{D85CFF22-3132-4875-92EF-566D49CCCF41}.Release|Any CPU.Build.0 = Release|Any CPU
		{62CC4772-FB91-4866-A5EE-F5CAFB310882}.Debug|Any CPU.ActiveCfg = Debug|Any CPU
		{62CC4772-FB91-4866-A5EE-F5CAFB310882}.Debug|Any CPU.Build.0 = Debug|Any CPU
		{62CC4772-FB91-4866-A5EE-F5CAFB310882}.Release|Any CPU.ActiveCfg = Release|Any CPU
		{62CC4772-FB91-4866-A5EE-F5CAFB310882}.Release|Any CPU.Build.0 = Release|Any CPU
		{CFEEC3D2-302D-4E82-AE55-21B8F9C2E4E5}.Debug|Any CPU.ActiveCfg = Debug|Any CPU
		{CFEEC3D2-302D-4E82-AE55-21B8F9C2E4E5}.Debug|Any CPU.Build.0 = Debug|Any CPU
		{CFEEC3D2-302D-4E82-AE55-21B8F9C2E4E5}.Release|Any CPU.ActiveCfg = Release|Any CPU
		{CFEEC3D2-302D-4E82-AE55-21B8F9C2E4E5}.Release|Any CPU.Build.0 = Release|Any CPU
		{F3E7AD46-EBC2-484E-BDE0-C163003A133C}.Debug|Any CPU.ActiveCfg = Debug|Any CPU
		{F3E7AD46-EBC2-484E-BDE0-C163003A133C}.Debug|Any CPU.Build.0 = Debug|Any CPU
		{F3E7AD46-EBC2-484E-BDE0-C163003A133C}.Release|Any CPU.ActiveCfg = Release|Any CPU
		{F3E7AD46-EBC2-484E-BDE0-C163003A133C}.Release|Any CPU.Build.0 = Release|Any CPU
		{88B5A5FF-12B8-45BC-9738-D04B28F08A52}.Debug|Any CPU.ActiveCfg = Debug|Any CPU
		{88B5A5FF-12B8-45BC-9738-D04B28F08A52}.Debug|Any CPU.Build.0 = Debug|Any CPU
		{88B5A5FF-12B8-45BC-9738-D04B28F08A52}.Release|Any CPU.ActiveCfg = Release|Any CPU
		{88B5A5FF-12B8-45BC-9738-D04B28F08A52}.Release|Any CPU.Build.0 = Release|Any CPU
		{F136298D-C4C7-4970-8BA4-ECC800799719}.Debug|Any CPU.ActiveCfg = Debug|Any CPU
		{F136298D-C4C7-4970-8BA4-ECC800799719}.Debug|Any CPU.Build.0 = Debug|Any CPU
		{F136298D-C4C7-4970-8BA4-ECC800799719}.Release|Any CPU.ActiveCfg = Release|Any CPU
		{F136298D-C4C7-4970-8BA4-ECC800799719}.Release|Any CPU.Build.0 = Release|Any CPU
		{71CC9123-8309-4D28-9E72-D998677B638D}.Debug|Any CPU.ActiveCfg = Debug|Any CPU
		{71CC9123-8309-4D28-9E72-D998677B638D}.Debug|Any CPU.Build.0 = Debug|Any CPU
		{71CC9123-8309-4D28-9E72-D998677B638D}.Release|Any CPU.ActiveCfg = Release|Any CPU
		{71CC9123-8309-4D28-9E72-D998677B638D}.Release|Any CPU.Build.0 = Release|Any CPU
		{2498FB91-1CA5-401B-A4F6-DDD4D963EFC0}.Debug|Any CPU.ActiveCfg = Debug|Any CPU
		{2498FB91-1CA5-401B-A4F6-DDD4D963EFC0}.Debug|Any CPU.Build.0 = Debug|Any CPU
		{2498FB91-1CA5-401B-A4F6-DDD4D963EFC0}.Release|Any CPU.ActiveCfg = Release|Any CPU
		{2498FB91-1CA5-401B-A4F6-DDD4D963EFC0}.Release|Any CPU.Build.0 = Release|Any CPU
		{C282AC59-42DB-4A70-9CA5-BD2542884EBE}.Debug|Any CPU.ActiveCfg = Debug|Any CPU
		{C282AC59-42DB-4A70-9CA5-BD2542884EBE}.Debug|Any CPU.Build.0 = Debug|Any CPU
		{C282AC59-42DB-4A70-9CA5-BD2542884EBE}.Release|Any CPU.ActiveCfg = Release|Any CPU
		{C282AC59-42DB-4A70-9CA5-BD2542884EBE}.Release|Any CPU.Build.0 = Release|Any CPU
		{7E7B628B-AD21-402C-8909-D8BA80B76144}.Debug|Any CPU.ActiveCfg = Debug|Any CPU
		{7E7B628B-AD21-402C-8909-D8BA80B76144}.Debug|Any CPU.Build.0 = Debug|Any CPU
		{7E7B628B-AD21-402C-8909-D8BA80B76144}.Release|Any CPU.ActiveCfg = Release|Any CPU
		{7E7B628B-AD21-402C-8909-D8BA80B76144}.Release|Any CPU.Build.0 = Release|Any CPU
		{52547A1B-B4B2-4556-A318-96C82A260D43}.Debug|Any CPU.ActiveCfg = Debug|Any CPU
		{52547A1B-B4B2-4556-A318-96C82A260D43}.Debug|Any CPU.Build.0 = Debug|Any CPU
		{52547A1B-B4B2-4556-A318-96C82A260D43}.Release|Any CPU.ActiveCfg = Release|Any CPU
		{52547A1B-B4B2-4556-A318-96C82A260D43}.Release|Any CPU.Build.0 = Release|Any CPU
		{DC597A6E-458B-4A7F-A053-0EF1D278919D}.Debug|Any CPU.ActiveCfg = Debug|Any CPU
		{DC597A6E-458B-4A7F-A053-0EF1D278919D}.Debug|Any CPU.Build.0 = Debug|Any CPU
		{DC597A6E-458B-4A7F-A053-0EF1D278919D}.Release|Any CPU.ActiveCfg = Release|Any CPU
		{DC597A6E-458B-4A7F-A053-0EF1D278919D}.Release|Any CPU.Build.0 = Release|Any CPU
		{354A71CE-F3B6-40E1-AD34-477402A82F33}.Debug|Any CPU.ActiveCfg = Debug|Any CPU
		{354A71CE-F3B6-40E1-AD34-477402A82F33}.Debug|Any CPU.Build.0 = Debug|Any CPU
		{354A71CE-F3B6-40E1-AD34-477402A82F33}.Release|Any CPU.ActiveCfg = Release|Any CPU
		{354A71CE-F3B6-40E1-AD34-477402A82F33}.Release|Any CPU.Build.0 = Release|Any CPU
		{A58C624E-A4B9-4C87-A067-4307E4B9DAEC}.Debug|Any CPU.ActiveCfg = Debug|Any CPU
		{A58C624E-A4B9-4C87-A067-4307E4B9DAEC}.Debug|Any CPU.Build.0 = Debug|Any CPU
		{A58C624E-A4B9-4C87-A067-4307E4B9DAEC}.Release|Any CPU.ActiveCfg = Release|Any CPU
		{A58C624E-A4B9-4C87-A067-4307E4B9DAEC}.Release|Any CPU.Build.0 = Release|Any CPU
		{28503601-A52E-4401-8F0B-E3096A0BE98A}.Debug|Any CPU.ActiveCfg = Debug|Any CPU
		{28503601-A52E-4401-8F0B-E3096A0BE98A}.Debug|Any CPU.Build.0 = Debug|Any CPU
		{28503601-A52E-4401-8F0B-E3096A0BE98A}.Release|Any CPU.ActiveCfg = Release|Any CPU
		{28503601-A52E-4401-8F0B-E3096A0BE98A}.Release|Any CPU.Build.0 = Release|Any CPU
		{659E6FCC-B4DC-4289-84CD-610123C2B18E}.Debug|Any CPU.ActiveCfg = Debug|Any CPU
		{659E6FCC-B4DC-4289-84CD-610123C2B18E}.Debug|Any CPU.Build.0 = Debug|Any CPU
		{659E6FCC-B4DC-4289-84CD-610123C2B18E}.Release|Any CPU.ActiveCfg = Release|Any CPU
		{659E6FCC-B4DC-4289-84CD-610123C2B18E}.Release|Any CPU.Build.0 = Release|Any CPU
		{1A9FC5ED-8277-49A7-8579-1F604E4EB350}.Debug|Any CPU.ActiveCfg = Debug|Any CPU
		{1A9FC5ED-8277-49A7-8579-1F604E4EB350}.Debug|Any CPU.Build.0 = Debug|Any CPU
		{1A9FC5ED-8277-49A7-8579-1F604E4EB350}.Release|Any CPU.ActiveCfg = Release|Any CPU
		{1A9FC5ED-8277-49A7-8579-1F604E4EB350}.Release|Any CPU.Build.0 = Release|Any CPU
		{17ADF779-9E8B-4DFF-8DFD-32EC6A4923EA}.Debug|Any CPU.ActiveCfg = Debug|Any CPU
		{17ADF779-9E8B-4DFF-8DFD-32EC6A4923EA}.Debug|Any CPU.Build.0 = Debug|Any CPU
		{17ADF779-9E8B-4DFF-8DFD-32EC6A4923EA}.Release|Any CPU.ActiveCfg = Release|Any CPU
		{17ADF779-9E8B-4DFF-8DFD-32EC6A4923EA}.Release|Any CPU.Build.0 = Release|Any CPU
		{68C57000-19D7-4F04-9A74-57F2AE32390B}.Debug|Any CPU.ActiveCfg = Debug|Any CPU
		{68C57000-19D7-4F04-9A74-57F2AE32390B}.Debug|Any CPU.Build.0 = Debug|Any CPU
		{68C57000-19D7-4F04-9A74-57F2AE32390B}.Release|Any CPU.ActiveCfg = Release|Any CPU
		{68C57000-19D7-4F04-9A74-57F2AE32390B}.Release|Any CPU.Build.0 = Release|Any CPU
	EndGlobalSection
	GlobalSection(SolutionProperties) = preSolution
		HideSolutionNode = FALSE
	EndGlobalSection
EndGlobal
